
Microsoft Visual Studio Solution File, Format Version 12.00
# Visual Studio Version 16
VisualStudioVersion = 16.0.31729.503
MinimumVisualStudioVersion = 10.0.40219.1
Project("{FAE04EC0-301F-11D3-BF4B-00C04F79EFBC}") = "Free Ui", "Free Ui\Free Ui.csproj", "{0757635B-6920-40A2-97DB-02C464C19C9E}"
EndProject
Global
	GlobalSection(SolutionConfigurationPlatforms) = preSolution
		Debug|Any CPU = Debug|Any CPU
		Release|Any CPU = Release|Any CPU
	EndGlobalSection
	GlobalSection(ProjectConfigurationPlatforms) = postSolution
		{0757635B-6920-40A2-97DB-02C464C19C9E}.Debug|Any CPU.ActiveCfg = Debug|Any CPU
		{0757635B-6920-40A2-97DB-02C464C19C9E}.Debug|Any CPU.Build.0 = Debug|Any CPU
		{0757635B-6920-40A2-97DB-02C464C19C9E}.Release|Any CPU.ActiveCfg = Release|Any CPU
		{0757635B-6920-40A2-97DB-02C464C19C9E}.Release|Any CPU.Build.0 = Release|Any CPU
	EndGlobalSection
	GlobalSection(SolutionProperties) = preSolution
		HideSolutionNode = FALSE
	EndGlobalSection
	GlobalSection(ExtensibilityGlobals) = postSolution
		SolutionGuid = {A597CB48-1F0D-43ED-B5DB-C5F29C2BE542}
	EndGlobalSection
EndGlobal
